lockfileVersion: '9.0'

settings:
  autoInstallPeers: true
  excludeLinksFromLockfile: false

importers:

  .:
    devDependencies:
      '@tauri-apps/cli':
        specifier: ^2
        version: 2.9.1

packages:

  '@tauri-apps/cli-darwin-arm64@2.9.1':
    resolution: {integrity: sha512-sdwhtsE/6njD0AjgfYEj1JyxZH4SBmCJSXpRm6Ph5fQeuZD6MyjzjdVOrrtFguyREVQ7xn0Ujkwvbo01ULthNg==}
    engines: {node: '>= 10'}
    cpu: [arm64]
    os: [darwin]

  '@tauri-apps/cli-darwin-x64@2.9.1':
    resolution: {integrity: sha512-c86g+67wTdI4TUCD7CaSd/13+oYuLQxVST4ZNJ5C+6i1kdnU3Us1L68N9MvbDLDQGJc9eo0pvuK6sCWkee+BzA==}
    engines: {node: '>= 10'}
    cpu: [x64]
    os: [darwin]

  '@tauri-apps/cli-linux-arm-gnueabihf@2.9.1':
    resolution: {integrity: sha512-IrB3gFQmueQKJjjisOcMktW/Gh6gxgqYO419doA3YZ7yIV5rbE8ZW52Q3I4AO+SlFEyVYer5kpi066p0JBlLGw==}
    engines: {node: '>= 10'}
    cpu: [arm]
    os: [linux]

  '@tauri-apps/cli-linux-arm64-gnu@2.9.1':
    resolution: {integrity: sha512-Ke7TyXvu6HbWSkmVkFbbH19D3cLsd117YtXP/u9NIvSpYwKeFtnbpirrIUfPm44Q+PZFZ2Hvg8X9qoUiAK0zKw==}
    engines: {node: '>= 10'}
    cpu: [arm64]
    os: [linux]

  '@tauri-apps/cli-linux-arm64-musl@2.9.1':
    resolution: {integrity: sha512-sGvy75sv55oeMulR5ArwPD28DsDQxqTzLhXCrpU9/nbFg/JImmI7k994YE9fr3V0qE3Cjk5gjLldRNv7I9sjwQ==}
    engines: {node: '>= 10'}
    cpu: [arm64]
    os: [linux]

  '@tauri-apps/cli-linux-riscv64-gnu@2.9.1':
    resolution: {integrity: sha512-tEKbJydV3BdIxpAx8aGHW6VDg1xW4LlQuRD/QeFZdZNTreHJpMbJEcdvAcI+Hg6vgQpVpaoEldR9W4F6dYSLqQ==}
    engines: {node: '>= 10'}
    cpu: [riscv64]
    os: [linux]

  '@tauri-apps/cli-linux-x64-gnu@2.9.1':
    resolution: {integrity: sha512-mg5msXHagtHpyCVWgI01M26JeSrgE/otWyGdYcuTwyRYZYEJRTbcNt7hscOkdNlPBe7isScW7PVKbxmAjJJl4g==}
    engines: {node: '>= 10'}
    cpu: [x64]
    os: [linux]

  '@tauri-apps/cli-linux-x64-musl@2.9.1':
    resolution: {integrity: sha512-lFZEXkpDreUe3zKilvnMsrnKP9gwQudaEjDnOz/GMzbzNceIuPfFZz0cR/ky1Aoq4eSvZonPKHhROq4owz4fzg==}
    engines: {node: '>= 10'}
    cpu: [x64]
    os: [linux]

  '@tauri-apps/cli-win32-arm64-msvc@2.9.1':
    resolution: {integrity: sha512-ejc5RAp/Lm1Aj0EQHaT+Wdt5PHfdgQV5hIDV00MV6HNbIb5W4ZUFxMDaRkAg65gl9MvY2fH396riePW3RoKXDw==}
    engines: {node: '>= 10'}
    cpu: [arm64]
    os: [win32]

  '@tauri-apps/cli-win32-ia32-msvc@2.9.1':
    resolution: {integrity: sha512-fSATtJDc0fNjVB6ystyi8NbwhNFk8i8E05h6KrsC8Fio5eaJIJvPCbC9pdrPl6kkxN1X7fj25ErBbgfqgcK8Fg==}
    engines: {node: '>= 10'}
    cpu: [ia32]
    os: [win32]

  '@tauri-apps/cli-win32-x64-msvc@2.9.1':
    resolution: {integrity: sha512-/JHlOzpUDhjBOO9w167bcYxfJbcMQv7ykS/Y07xjtcga8np0rzUzVGWYmLMH7orKcDMC7wjhheEW1x8cbGma/Q==}
    engines: {node: '>= 10'}
    cpu: [x64]
    os: [win32]

  '@tauri-apps/cli@2.9.1':
    resolution: {integrity: sha512-kKi2/WWsNXKoMdatBl4xrT7e1Ce27JvsetBVfWuIb6D3ep/Y0WO5SIr70yarXOSWam8NyDur4ipzjZkg6m7VDg==}
    engines: {node: '>= 10'}
    hasBin: true

snapshots:

  '@tauri-apps/cli-darwin-arm64@2.9.1':
    optional: true

  '@tauri-apps/cli-darwin-x64@2.9.1':
    optional: true

  '@tauri-apps/cli-linux-arm-gnueabihf@2.9.1':
    optional: true

  '@tauri-apps/cli-linux-arm64-gnu@2.9.1':
    optional: true

  '@tauri-apps/cli-linux-arm64-musl@2.9.1':
    optional: true

  '@tauri-apps/cli-linux-riscv64-gnu@2.9.1':
    optional: true

  '@tauri-apps/cli-linux-x64-gnu@2.9.1':
    optional: true

  '@tauri-apps/cli-linux-x64-musl@2.9.1':
    optional: true

  '@tauri-apps/cli-win32-arm64-msvc@2.9.1':
    optional: true

  '@tauri-apps/cli-win32-ia32-msvc@2.9.1':
    optional: true

  '@tauri-apps/cli-win32-x64-msvc@2.9.1':
    optional: true

  '@tauri-apps/cli@2.9.1':
    optionalDependencies:
      '@tauri-apps/cli-darwin-arm64': 2.9.1
      '@tauri-apps/cli-darwin-x64': 2.9.1
      '@tauri-apps/cli-linux-arm-gnueabihf': 2.9.1
      '@tauri-apps/cli-linux-arm64-gnu': 2.9.1
      '@tauri-apps/cli-linux-arm64-musl': 2.9.1
      '@tauri-apps/cli-linux-riscv64-gnu': 2.9.1
      '@tauri-apps/cli-linux-x64-gnu': 2.9.1
      '@tauri-apps/cli-linux-x64-musl': 2.9.1
      '@tauri-apps/cli-win32-arm64-msvc': 2.9.1
      '@tauri-apps/cli-win32-ia32-msvc': 2.9.1
      '@tauri-apps/cli-win32-x64-msvc': 2.9.1
